
Microsoft Visual Studio Solution File, Format Version 12.00
# Visual Studio Version 17
VisualStudioVersion = 17.9.34616.47
MinimumVisualStudioVersion = 10.0.40219.1
Project("{FAE04EC0-301F-11D3-BF4B-00C04F79EFBC}") = "WCF_service_application", "WCF_service_application\WCF_service_application.csproj", "{7B0392B2-86A5-4530-9607-660E4BF7141D}"
EndProject
Project("{FAE04EC0-301F-11D3-BF4B-00C04F79EFBC}") = "WCF_WinForm", "WCF_WinForm\WCF_WinForm.csproj", "{5A184F62-51D2-40BC-90CE-9FC227A4404A}"
EndProject
Global
	GlobalSection(SolutionConfigurationPlatforms) = preSolution
		Debug|Any CPU = Debug|Any CPU
		Release|Any CPU = Release|Any CPU
	EndGlobalSection
	GlobalSection(ProjectConfigurationPlatforms) = postSolution
		{7B0392B2-86A5-4530-9607-660E4BF7141D}.Debug|Any CPU.ActiveCfg = Debug|Any CPU
		{7B0392B2-86A5-4530-9607-660E4BF7141D}.Debug|Any CPU.Build.0 = Debug|Any CPU
		{7B0392B2-86A5-4530-9607-660E4BF7141D}.Release|Any CPU.ActiveCfg = Release|Any CPU
		{7B0392B2-86A5-4530-9607-660E4BF7141D}.Release|Any CPU.Build.0 = Release|Any CPU
		{5A184F62-51D2-40BC-90CE-9FC227A4404A}.Debug|Any CPU.ActiveCfg = Debug|Any CPU
		{5A184F62-51D2-40BC-90CE-9FC227A4404A}.Debug|Any CPU.Build.0 = Debug|Any CPU
		{5A184F62-51D2-40BC-90CE-9FC227A4404A}.Release|Any CPU.ActiveCfg = Release|Any CPU
		{5A184F62-51D2-40BC-90CE-9FC227A4404A}.Release|Any CPU.Build.0 = Release|Any CPU
	EndGlobalSection
	GlobalSection(SolutionProperties) = preSolution
		HideSolutionNode = FALSE
	EndGlobalSection
	GlobalSection(ExtensibilityGlobals) = postSolution
		SolutionGuid = {DBDA6BD1-E8C4-44B4-9934-0A52FB501F25}
	EndGlobalSection
EndGlobal
